
Microsoft Visual Studio Solution File, Format Version 12.00
# Visual Studio Version 16
VisualStudioVersion = 16.0.31129.286
MinimumVisualStudioVersion = 10.0.40219.1
Project("{FAE04EC0-301F-11D3-BF4B-00C04F79EFBC}") = "TugasTiga2", "TugasTiga2\TugasTiga2.csproj", "{73542E28-C0CE-480D-8DEF-594509D61D20}"
EndProject
Global
	GlobalSection(SolutionConfigurationPlatforms) = preSolution
		Debug|Any CPU = Debug|Any CPU
		Release|Any CPU = Release|Any CPU
	EndGlobalSection
	GlobalSection(ProjectConfigurationPlatforms) = postSolution
		{73542E28-C0CE-480D-8DEF-594509D61D20}.Debug|Any CPU.ActiveCfg = Debug|Any CPU
		{73542E28-C0CE-480D-8DEF-594509D61D20}.Debug|Any CPU.Build.0 = Debug|Any CPU
		{73542E28-C0CE-480D-8DEF-594509D61D20}.Release|Any CPU.ActiveCfg = Release|Any CPU
		{73542E28-C0CE-480D-8DEF-594509D61D20}.Release|Any CPU.Build.0 = Release|Any CPU
	EndGlobalSection
	GlobalSection(SolutionProperties) = preSolution
		HideSolutionNode = FALSE
	EndGlobalSection
	GlobalSection(ExtensibilityGlobals) = postSolution
		SolutionGuid = {098236B9-BB8C-4EC4-9B1E-EEDA773F307B}
	EndGlobalSection
EndGlobal
